
Microsoft Visual Studio Solution File, Format Version 12.00
# Visual Studio Version 16
VisualStudioVersion = 16.0.30517.126
MinimumVisualStudioVersion = 10.0.40219.1
Project("{2150E333-8FDC-42A3-9474-1A3956D46DE8}") = "Samples", "Samples", "{99076AAC-3723-4B2E-A74B-4772FAE8DD6A}"
EndProject
Project("{9A19103F-16F7-4668-BE54-9A1E7A4F7556}") = "FontStashSharp", "src\FontStashSharp\FontStashSharp.csproj", "{1CDA51AA-73FF-469C-B551-C8FE4D84D1EC}"
EndProject
Project("{9A19103F-16F7-4668-BE54-9A1E7A4F7556}") = "FontStashSharp.StbTrueTypeSharp", "src\FontStashSharp.StbTrueTypeSharp\FontStashSharp.StbTrueTypeSharp.csproj", "{178B02AE-BA64-4D49-BD91-2EFB4E7EE78F}"
EndProject
Project("{9A19103F-16F7-4668-BE54-9A1E7A4F7556}") = "FontStashSharp.Samples.MonoGame", "samples\FontStashSharp.Samples.MonoGame\FontStashSharp.Samples.MonoGame.csproj", "{1740C6DC-59F6-4100-A30A-5A85FEDDE774}"
EndProject
Global
	GlobalSection(SolutionConfigurationPlatforms) = preSolution
		Debug|Any CPU = Debug|Any CPU
		Release|Any CPU = Release|Any CPU
	EndGlobalSection
	GlobalSection(ProjectConfigurationPlatforms) = postSolution
		{1CDA51AA-73FF-469C-B551-C8FE4D84D1EC}.Debug|Any CPU.ActiveCfg = Debug|Any CPU
		{1CDA51AA-73FF-469C-B551-C8FE4D84D1EC}.Debug|Any CPU.Build.0 = Debug|Any CPU
		{1CDA51AA-73FF-469C-B551-C8FE4D84D1EC}.Release|Any CPU.ActiveCfg = Release|Any CPU
		{1CDA51AA-73FF-469C-B551-C8FE4D84D1EC}.Release|Any CPU.Build.0 = Release|Any CPU
		{178B02AE-BA64-4D49-BD91-2EFB4E7EE78F}.Debug|Any CPU.ActiveCfg = Debug|Any CPU
		{178B02AE-BA64-4D49-BD91-2EFB4E7EE78F}.Debug|Any CPU.Build.0 = Debug|Any CPU
		{178B02AE-BA64-4D49-BD91-2EFB4E7EE78F}.Release|Any CPU.ActiveCfg = Release|Any CPU
		{178B02AE-BA64-4D49-BD91-2EFB4E7EE78F}.Release|Any CPU.Build.0 = Release|Any CPU
		{1740C6DC-59F6-4100-A30A-5A85FEDDE774}.Debug|Any CPU.ActiveCfg = Debug|Any CPU
		{1740C6DC-59F6-4100-A30A-5A85FEDDE774}.Debug|Any CPU.Build.0 = Debug|Any CPU
		{1740C6DC-59F6-4100-A30A-5A85FEDDE774}.Release|Any CPU.ActiveCfg = Release|Any CPU
		{1740C6DC-59F6-4100-A30A-5A85FEDDE774}.Release|Any CPU.Build.0 = Release|Any CPU
	EndGlobalSection
	GlobalSection(SolutionProperties) = preSolution
		HideSolutionNode = FALSE
	EndGlobalSection
	GlobalSection(NestedProjects) = preSolution
		{1740C6DC-59F6-4100-A30A-5A85FEDDE774} = {99076AAC-3723-4B2E-A74B-4772FAE8DD6A}
	EndGlobalSection
	GlobalSection(ExtensibilityGlobals) = postSolution
		SolutionGuid = {35ACDF4E-2CE2-46B1-A19F-35DC131069A1}
	EndGlobalSection
EndGlobal
